
Microsoft Visual Studio Solution File, Format Version 12.00
# Visual Studio Version 16
VisualStudioVersion = 16.0.28803.352
MinimumVisualStudioVersion = 10.0.40219.1
Project("{9A19103F-16F7-4668-BE54-9A1E7A4F7556}") = "BattleShips", "BattleShips\BattleShips.csproj", "{C8A48F93-8AD9-4873-91BF-ECE0DCC678FF}"
EndProject
Project("{FAE04EC0-301F-11D3-BF4B-00C04F79EFBC}") = "BattleShipsUnitTest", "BattleShipsUnitTest\BattleShipsUnitTest.csproj", "{83C3DB02-4E48-42A7-B5B4-E1FD2C43A3F8}"
EndProject
Global
	GlobalSection(SolutionConfigurationPlatforms) = preSolution
		Debug|Any CPU = Debug|Any CPU
		Release|Any CPU = Release|Any CPU
	EndGlobalSection
	GlobalSection(ProjectConfigurationPlatforms) = postSolution
		{C8A48F93-8AD9-4873-91BF-ECE0DCC678FF}.Debug|Any CPU.ActiveCfg = Debug|Any CPU
		{C8A48F93-8AD9-4873-91BF-ECE0DCC678FF}.Debug|Any CPU.Build.0 = Debug|Any CPU
		{C8A48F93-8AD9-4873-91BF-ECE0DCC678FF}.Release|Any CPU.ActiveCfg = Release|Any CPU
		{C8A48F93-8AD9-4873-91BF-ECE0DCC678FF}.Release|Any CPU.Build.0 = Release|Any CPU
		{83C3DB02-4E48-42A7-B5B4-E1FD2C43A3F8}.Debug|Any CPU.ActiveCfg = Debug|Any CPU
		{83C3DB02-4E48-42A7-B5B4-E1FD2C43A3F8}.Debug|Any CPU.Build.0 = Debug|Any CPU
		{83C3DB02-4E48-42A7-B5B4-E1FD2C43A3F8}.Release|Any CPU.ActiveCfg = Release|Any CPU
		{83C3DB02-4E48-42A7-B5B4-E1FD2C43A3F8}.Release|Any CPU.Build.0 = Release|Any CPU
	EndGlobalSection
	GlobalSection(SolutionProperties) = preSolution
		HideSolutionNode = FALSE
	EndGlobalSection
	GlobalSection(ExtensibilityGlobals) = postSolution
		SolutionGuid = {0F913FA5-F473-4109-85A1-FF4FBEBF225D}
	EndGlobalSection
EndGlobal
